
Microsoft Visual Studio Solution File, Format Version 12.00
# Visual Studio Version 16
VisualStudioVersion = 16.0.29424.173
MinimumVisualStudioVersion = 10.0.40219.1
Project("{FAE04EC0-301F-11D3-BF4B-00C04F79EFBC}") = "SMS.BusinessLogic", "dotNet19\SMS.BusinessLogic.csproj", "{CF902808-90AB-4619-96D7-E87364E26345}"
EndProject
Project("{2150E333-8FDC-42A3-9474-1A3956D46DE8}") = "BusinessLogic", "BusinessLogic", "{90780C3F-3FC1-4391-9518-6F4648E9BAFF}"
EndProject
Project("{FAE04EC0-301F-11D3-BF4B-00C04F79EFBC}") = "SMS.BusinessLogicTest", "SMS.BusinessLogicTest\SMS.BusinessLogicTest.csproj", "{83CBDF4D-C710-47E7-A597-F16CBA4D9D74}"
EndProject
Global
	GlobalSection(SolutionConfigurationPlatforms) = preSolution
		Debug|Any CPU = Debug|Any CPU
		Release|Any CPU = Release|Any CPU
	EndGlobalSection
	GlobalSection(ProjectConfigurationPlatforms) = postSolution
		{CF902808-90AB-4619-96D7-E87364E26345}.Debug|Any CPU.ActiveCfg = Debug|Any CPU
		{CF902808-90AB-4619-96D7-E87364E26345}.Debug|Any CPU.Build.0 = Debug|Any CPU
		{CF902808-90AB-4619-96D7-E87364E26345}.Release|Any CPU.ActiveCfg = Release|Any CPU
		{CF902808-90AB-4619-96D7-E87364E26345}.Release|Any CPU.Build.0 = Release|Any CPU
		{83CBDF4D-C710-47E7-A597-F16CBA4D9D74}.Debug|Any CPU.ActiveCfg = Debug|Any CPU
		{83CBDF4D-C710-47E7-A597-F16CBA4D9D74}.Debug|Any CPU.Build.0 = Debug|Any CPU
		{83CBDF4D-C710-47E7-A597-F16CBA4D9D74}.Release|Any CPU.ActiveCfg = Release|Any CPU
		{83CBDF4D-C710-47E7-A597-F16CBA4D9D74}.Release|Any CPU.Build.0 = Release|Any CPU
	EndGlobalSection
	GlobalSection(SolutionProperties) = preSolution
		HideSolutionNode = FALSE
	EndGlobalSection
	GlobalSection(NestedProjects) = preSolution
		{CF902808-90AB-4619-96D7-E87364E26345} = {90780C3F-3FC1-4391-9518-6F4648E9BAFF}
	EndGlobalSection
	GlobalSection(ExtensibilityGlobals) = postSolution
		SolutionGuid = {039776EA-6A74-4BC5-8E9A-5348FB9F571E}
	EndGlobalSection
EndGlobal
